// !$*UTF8*$!
{
	archiveVersion = 1;
	classes = {
	};
	objectVersion = 56;
	objects = {

/* Begin PBXBuildFile section */
		B5062C302A6FE9BB00D1BB0B /* JustRememberApp.swift in Sources */ = {isa = PBXBuildFile; fileRef = B5062C2F2A6FE9BB00D1BB0B /* JustRememberApp.swift */; };
		B5062C322A6FE9BB00D1BB0B /* HomeView.swift in Sources */ = {isa = PBXBuildFile; fileRef = B5062C312A6FE9BB00D1BB0B /* HomeView.swift */; };
		B5062C342A6FE9BC00D1BB0B /* Assets.xcassets in Resources */ = {isa = PBXBuildFile; fileRef = B5062C332A6FE9BC00D1BB0B /* Assets.xcassets */; };
		B5062C372A6FE9BC00D1BB0B /* Preview Assets.xcassets in Resources */ = {isa = PBXBuildFile; fileRef = B5062C362A6FE9BC00D1BB0B /* Preview Assets.xcassets */; };
		B5062C412A70182C00D1BB0B /* CardView.swift in Sources */ = {isa = PBXBuildFile; fileRef = B5062C402A70182C00D1BB0B /* CardView.swift */; };
		B5062C432A716D2E00D1BB0B /* Word.swift in Sources */ = {isa = PBXBuildFile; fileRef = B5062C422A716D2E00D1BB0B /* Word.swift */; };
		B5062C452A71702300D1BB0B /* Storage.swift in Sources */ = {isa = PBXBuildFile; fileRef = B5062C442A71702300D1BB0B /* Storage.swift */; };
		B51472582A7D63EF00BBE640 /* NotificationStatus.swift in Sources */ = {isa = PBXBuildFile; fileRef = B51472572A7D63EF00BBE640 /* NotificationStatus.swift */; };
		B5153CD92A83DF04005CB59F /* NetworkResponse.swift in Sources */ = {isa = PBXBuildFile; fileRef = B5153CD82A83DF04005CB59F /* NetworkResponse.swift */; };
		B5153CDB2A84001E005CB59F /* AppConstatns.swift in Sources */ = {isa = PBXBuildFile; fileRef = B5153CDA2A84001E005CB59F /* AppConstatns.swift */; };
		B5153CDD2A8504EF005CB59F /* LoaderAnimationView.swift in Sources */ = {isa = PBXBuildFile; fileRef = B5153CDC2A8504EF005CB59F /* LoaderAnimationView.swift */; };
		B54CDE8E2A7E91DC002F2AAB /* NotificationReapeatInterval.swift in Sources */ = {isa = PBXBuildFile; fileRef = B54CDE8D2A7E91DC002F2AAB /* NotificationReapeatInterval.swift */; };
		B54CDE902A826E7E002F2AAB /* AppVersionProvider.swift in Sources */ = {isa = PBXBuildFile; fileRef = B54CDE8F2A826E7E002F2AAB /* AppVersionProvider.swift */; };
		B5BC81992A7948F4003D1104 /* WordDescriptionView.swift in Sources */ = {isa = PBXBuildFile; fileRef = B5BC81982A7948F4003D1104 /* WordDescriptionView.swift */; };
		B5BC819B2A7A7B2A003D1104 /* NotificationService.swift in Sources */ = {isa = PBXBuildFile; fileRef = B5BC819A2A7A7B2A003D1104 /* NotificationService.swift */; };
		B5BC819D2A7A81EA003D1104 /* SettingsView.swift in Sources */ = {isa = PBXBuildFile; fileRef = B5BC819C2A7A81EA003D1104 /* SettingsView.swift */; };
		B5CD4C882A83B7FF00194E39 /* NetworkClient.swift in Sources */ = {isa = PBXBuildFile; fileRef = B5CD4C872A83B7FF00194E39 /* NetworkClient.swift */; };
		B5F763BB2A731610009342FE /* TopicsView.swift in Sources */ = {isa = PBXBuildFile; fileRef = B5F763BA2A731610009342FE /* TopicsView.swift */; };
		B5F763BD2A73F3FC009342FE /* Collection.swift in Sources */ = {isa = PBXBuildFile; fileRef = B5F763BC2A73F3FC009342FE /* Collection.swift */; };
		B5F763C22A754F92009342FE /* GradientView.swift in Sources */ = {isa = PBXBuildFile; fileRef = B5F763C12A754F92009342FE /* GradientView.swift */; };
/* End PBXBuildFile section */

/* Begin PBXFileReference section */
		B5062C2C2A6FE9BB00D1BB0B /* JustRemember.app */ = {isa = PBXFileReference; explicitFileType = wrapper.application; includeInIndex = 0; path = JustRemember.app; sourceTree = BUILT_PRODUCTS_DIR; };
		B5062C2F2A6FE9BB00D1BB0B /* JustRememberApp.swift */ = {isa = PBXFileReference; lastKnownFileType = sourcecode.swift; path = JustRememberApp.swift; sourceTree = "<group>"; };
		B5062C312A6FE9BB00D1BB0B /* HomeView.swift */ = {isa = PBXFileReference; lastKnownFileType = sourcecode.swift; path = HomeView.swift; sourceTree = "<group>"; };
		B5062C332A6FE9BC00D1BB0B /* Assets.xcassets */ = {isa = PBXFileReference; lastKnownFileType = folder.assetcatalog; path = Assets.xcassets; sourceTree = "<group>"; };
		B5062C362A6FE9BC00D1BB0B /* Preview Assets.xcassets */ = {isa = PBXFileReference; lastKnownFileType = folder.assetcatalog; path = "Preview Assets.xcassets"; sourceTree = "<group>"; };
		B5062C3D2A6FED3400D1BB0B /* Info.plist */ = {isa = PBXFileReference; lastKnownFileType = text.plist; path = Info.plist; sourceTree = "<group>"; };
		B5062C402A70182C00D1BB0B /* CardView.swift */ = {isa = PBXFileReference; lastKnownFileType = sourcecode.swift; path = CardView.swift; sourceTree = "<group>"; };
		B5062C422A716D2E00D1BB0B /* Word.swift */ = {isa = PBXFileReference; lastKnownFileType = sourcecode.swift; path = Word.swift; sourceTree = "<group>"; };
		B5062C442A71702300D1BB0B /* Storage.swift */ = {isa = PBXFileReference; lastKnownFileType = sourcecode.swift; path = Storage.swift; sourceTree = "<group>"; };
		B51472572A7D63EF00BBE640 /* NotificationStatus.swift */ = {isa = PBXFileReference; lastKnownFileType = sourcecode.swift; path = NotificationStatus.swift; sourceTree = "<group>"; };
		B5153CD82A83DF04005CB59F /* NetworkResponse.swift */ = {isa = PBXFileReference; lastKnownFileType = sourcecode.swift; path = NetworkResponse.swift; sourceTree = "<group>"; };
		B5153CDA2A84001E005CB59F /* AppConstatns.swift */ = {isa = PBXFileReference; lastKnownFileType = sourcecode.swift; path = AppConstatns.swift; sourceTree = "<group>"; };
		B5153CDC2A8504EF005CB59F /* LoaderAnimationView.swift */ = {isa = PBXFileReference; lastKnownFileType = sourcecode.swift; path = LoaderAnimationView.swift; sourceTree = "<group>"; };
		B54CDE8D2A7E91DC002F2AAB /* NotificationReapeatInterval.swift */ = {isa = PBXFileReference; lastKnownFileType = sourcecode.swift; path = NotificationReapeatInterval.swift; sourceTree = "<group>"; };
		B54CDE8F2A826E7E002F2AAB /* AppVersionProvider.swift */ = {isa = PBXFileReference; lastKnownFileType = sourcecode.swift; path = AppVersionProvider.swift; sourceTree = "<group>"; };
		B5BC81982A7948F4003D1104 /* WordDescriptionView.swift */ = {isa = PBXFileReference; lastKnownFileType = sourcecode.swift; path = WordDescriptionView.swift; sourceTree = "<group>"; };
		B5BC819A2A7A7B2A003D1104 /* NotificationService.swift */ = {isa = PBXFileReference; lastKnownFileType = sourcecode.swift; path = NotificationService.swift; sourceTree = "<group>"; };
		B5BC819C2A7A81EA003D1104 /* SettingsView.swift */ = {isa = PBXFileReference; lastKnownFileType = sourcecode.swift; path = SettingsView.swift; sourceTree = "<group>"; };
		B5CD4C872A83B7FF00194E39 /* NetworkClient.swift */ = {isa = PBXFileReference; lastKnownFileType = sourcecode.swift; path = NetworkClient.swift; sourceTree = "<group>"; };
		B5F763BA2A731610009342FE /* TopicsView.swift */ = {isa = PBXFileReference; lastKnownFileType = sourcecode.swift; path = TopicsView.swift; sourceTree = "<group>"; };
		B5F763BC2A73F3FC009342FE /* Collection.swift */ = {isa = PBXFileReference; lastKnownFileType = sourcecode.swift; path = Collection.swift; sourceTree = "<group>"; };
		B5F763C12A754F92009342FE /* GradientView.swift */ = {isa = PBXFileReference; lastKnownFileType = sourcecode.swift; path = GradientView.swift; sourceTree = "<group>"; };
/* End PBXFileReference section */

/* Begin PBXFrameworksBuildPhase section */
		B5062C292A6FE9BB00D1BB0B /* Frameworks */ = {
			isa = PBXFrameworksBuildPhase;
			buildActionMask = 2147483647;
			files = (
			);
			runOnlyForDeploymentPostprocessing = 0;
		};
/* End PBXFrameworksBuildPhase section */

/* Begin PBXGroup section */
		B5062C232A6FE9BB00D1BB0B = {
			isa = PBXGroup;
			children = (
				B5062C2E2A6FE9BB00D1BB0B /* JustRemember */,
				B5062C2D2A6FE9BB00D1BB0B /* Products */,
			);
			sourceTree = "<group>";
		};
		B5062C2D2A6FE9BB00D1BB0B /* Products */ = {
			isa = PBXGroup;
			children = (
				B5062C2C2A6FE9BB00D1BB0B /* JustRemember.app */,
			);
			name = Products;
			sourceTree = "<group>";
		};
		B5062C2E2A6FE9BB00D1BB0B /* JustRemember */ = {
			isa = PBXGroup;
			children = (
				B5062C2F2A6FE9BB00D1BB0B /* JustRememberApp.swift */,
				B5F763C02A754E02009342FE /* Views */,
				B5F763BF2A754DDF009342FE /* Services */,
				B5F763BE2A754D80009342FE /* Models */,
				B5062C332A6FE9BC00D1BB0B /* Assets.xcassets */,
				B5062C3D2A6FED3400D1BB0B /* Info.plist */,
				B5062C352A6FE9BC00D1BB0B /* Preview Content */,
			);
			path = JustRemember;
			sourceTree = "<group>";
		};
		B5062C352A6FE9BC00D1BB0B /* Preview Content */ = {
			isa = PBXGroup;
			children = (
				B5062C362A6FE9BC00D1BB0B /* Preview Assets.xcassets */,
			);
			path = "Preview Content";
			sourceTree = "<group>";
		};
		B5F763BE2A754D80009342FE /* Models */ = {
			isa = PBXGroup;
			children = (
				B5062C422A716D2E00D1BB0B /* Word.swift */,
				B5F763BC2A73F3FC009342FE /* Collection.swift */,
				B5153CD82A83DF04005CB59F /* NetworkResponse.swift */,
				B51472572A7D63EF00BBE640 /* NotificationStatus.swift */,
				B54CDE8D2A7E91DC002F2AAB /* NotificationReapeatInterval.swift */,
				B5153CDA2A84001E005CB59F /* AppConstatns.swift */,
			);
			path = Models;
			sourceTree = "<group>";
		};
		B5F763BF2A754DDF009342FE /* Services */ = {
			isa = PBXGroup;
			children = (
				B5062C442A71702300D1BB0B /* Storage.swift */,
				B5BC819A2A7A7B2A003D1104 /* NotificationService.swift */,
				B54CDE8F2A826E7E002F2AAB /* AppVersionProvider.swift */,
				B5CD4C872A83B7FF00194E39 /* NetworkClient.swift */,
			);
			path = Services;
			sourceTree = "<group>";
		};
		B5F763C02A754E02009342FE /* Views */ = {
			isa = PBXGroup;
			children = (
				B5062C312A6FE9BB00D1BB0B /* HomeView.swift */,
				B5F763BA2A731610009342FE /* TopicsView.swift */,
				B5062C402A70182C00D1BB0B /* CardView.swift */,
				B5F763C12A754F92009342FE /* GradientView.swift */,
				B5BC81982A7948F4003D1104 /* WordDescriptionView.swift */,
				B5BC819C2A7A81EA003D1104 /* SettingsView.swift */,
				B5153CDC2A8504EF005CB59F /* LoaderAnimationView.swift */,
			);
			path = Views;
			sourceTree = "<group>";
		};
/* End PBXGroup section */

/* Begin PBXNativeTarget section */
		B5062C2B2A6FE9BB00D1BB0B /* JustRemember */ = {
			isa = PBXNativeTarget;
			buildConfigurationList = B5062C3A2A6FE9BC00D1BB0B /* Build configuration list for PBXNativeTarget "JustRemember" */;
			buildPhases = (
				B5062C282A6FE9BB00D1BB0B /* Sources */,
				B5062C292A6FE9BB00D1BB0B /* Frameworks */,
				B5062C2A2A6FE9BB00D1BB0B /* Resources */,
			);
			buildRules = (
			);
			dependencies = (
			);
			name = JustRemember;
			productName = JustRemember;
			productReference = B5062C2C2A6FE9BB00D1BB0B /* JustRemember.app */;
			productType = "com.apple.product-type.application";
		};
/* End PBXNativeTarget section */

/* Begin PBXProject section */
		B5062C242A6FE9BB00D1BB0B /* Project object */ = {
			isa = PBXProject;
			attributes = {
				BuildIndependentTargetsInParallel = 1;
				LastSwiftUpdateCheck = 1420;
				LastUpgradeCheck = 1420;
				TargetAttributes = {
					B5062C2B2A6FE9BB00D1BB0B = {
						CreatedOnToolsVersion = 14.2;
					};
				};
			};
			buildConfigurationList = B5062C272A6FE9BB00D1BB0B /* Build configuration list for PBXProject "JustRemember" */;
			compatibilityVersion = "Xcode 14.0";
			developmentRegion = en;
			hasScannedForEncodings = 0;
			knownRegions = (
				en,
				Base,
			);
			mainGroup = B5062C232A6FE9BB00D1BB0B;
			productRefGroup = B5062C2D2A6FE9BB00D1BB0B /* Products */;
			projectDirPath = "";
			projectRoot = "";
			targets = (
				B5062C2B2A6FE9BB00D1BB0B /* JustRemember */,
			);
		};
/* End PBXProject section */

/* Begin PBXResourcesBuildPhase section */
		B5062C2A2A6FE9BB00D1BB0B /* Resources */ = {
			isa = PBXResourcesBuildPhase;
			buildActionMask = 2147483647;
			files = (
				B5062C372A6FE9BC00D1BB0B /* Preview Assets.xcassets in Resources */,
				B5062C342A6FE9BC00D1BB0B /* Assets.xcassets in Resources */,
			);
			runOnlyForDeploymentPostprocessing = 0;
		};
/* End PBXResourcesBuildPhase section */

/* Begin PBXSourcesBuildPhase section */
		B5062C282A6FE9BB00D1BB0B /* Sources */ = {
			isa = PBXSourcesBuildPhase;
			buildActionMask = 2147483647;
			files = (
				B5BC819B2A7A7B2A003D1104 /* NotificationService.swift in Sources */,
				B5BC81992A7948F4003D1104 /* WordDescriptionView.swift in Sources */,
				B5062C322A6FE9BB00D1BB0B /* HomeView.swift in Sources */,
				B5062C452A71702300D1BB0B /* Storage.swift in Sources */,
				B5062C432A716D2E00D1BB0B /* Word.swift in Sources */,
				B5F763BB2A731610009342FE /* TopicsView.swift in Sources */,
				B51472582A7D63EF00BBE640 /* NotificationStatus.swift in Sources */,
				B5062C412A70182C00D1BB0B /* CardView.swift in Sources */,
				B54CDE902A826E7E002F2AAB /* AppVersionProvider.swift in Sources */,
				B5F763BD2A73F3FC009342FE /* Collection.swift in Sources */,
				B5153CDB2A84001E005CB59F /* AppConstatns.swift in Sources */,
				B5F763C22A754F92009342FE /* GradientView.swift in Sources */,
				B5153CD92A83DF04005CB59F /* NetworkResponse.swift in Sources */,
				B5CD4C882A83B7FF00194E39 /* NetworkClient.swift in Sources */,
				B5153CDD2A8504EF005CB59F /* LoaderAnimationView.swift in Sources */,
				B5BC819D2A7A81EA003D1104 /* SettingsView.swift in Sources */,
				B54CDE8E2A7E91DC002F2AAB /* NotificationReapeatInterval.swift in Sources */,
				B5062C302A6FE9BB00D1BB0B /* JustRememberApp.swift in Sources */,
			);
			runOnlyForDeploymentPostprocessing = 0;
		};
/* End PBXSourcesBuildPhase section */

/* Begin XCBuildConfiguration section */
		B5062C382A6FE9BC00D1BB0B /* Debug */ = {
			isa = XCBuildConfiguration;
			buildSettings = {
				ALWAYS_SEARCH_USER_PATHS = NO;
				CLANG_ANALYZER_NONNULL = YES;
				CLANG_ANALYZER_NUMBER_OBJECT_CONVERSION = YES_AGGRESSIVE;
				CLANG_CXX_LANGUAGE_STANDARD = "gnu++20";
				CLANG_ENABLE_MODULES = YES;
				CLANG_ENABLE_OBJC_ARC = YES;
				CLANG_ENABLE_OBJC_WEAK = YES;
				CLANG_WARN_BLOCK_CAPTURE_AUTORELEASING = YES;
				CLANG_WARN_BOOL_CONVERSION = YES;
				CLANG_WARN_COMMA = YES;
				CLANG_WARN_CONSTANT_CONVERSION = YES;
				CLANG_WARN_DEPRECATED_OBJC_IMPLEMENTATIONS = YES;
				CLANG_WARN_DIRECT_OBJC_ISA_USAGE = YES_ERROR;
				CLANG_WARN_DOCUMENTATION_COMMENTS = YES;
				CLANG_WARN_EMPTY_BODY = YES;
				CLANG_WARN_ENUM_CONVERSION = YES;
				CLANG_WARN_INFINITE_RECURSION = YES;
				CLANG_WARN_INT_CONVERSION = YES;
				CLANG_WARN_NON_LITERAL_NULL_CONVERSION = YES;
				CLANG_WARN_OBJC_IMPLICIT_RETAIN_SELF = YES;
				CLANG_WARN_OBJC_LITERAL_CONVERSION = YES;
				CLANG_WARN_OBJC_ROOT_CLASS = YES_ERROR;
				CLANG_WARN_QUOTED_INCLUDE_IN_FRAMEWORK_HEADER = YES;
				CLANG_WARN_RANGE_LOOP_ANALYSIS = YES;
				CLANG_WARN_STRICT_PROTOTYPES = YES;
				CLANG_WARN_SUSPICIOUS_MOVE = YES;
				CLANG_WARN_UNGUARDED_AVAILABILITY = YES_AGGRESSIVE;
				CLANG_WARN_UNREACHABLE_CODE = YES;
				CLANG_WARN__DUPLICATE_METHOD_MATCH = YES;
				COPY_PHASE_STRIP = NO;
				DEBUG_INFORMATION_FORMAT = dwarf;
				ENABLE_STRICT_OBJC_MSGSEND = YES;
				ENABLE_TESTABILITY = YES;
				GCC_C_LANGUAGE_STANDARD = gnu11;
				GCC_DYNAMIC_NO_PIC = NO;
				GCC_NO_COMMON_BLOCKS = YES;
				GCC_OPTIMIZATION_LEVEL = 0;
				GCC_PREPROCESSOR_DEFINITIONS = (
					"DEBUG=1",
					"$(inherited)",
				);
				GCC_WARN_64_TO_32_BIT_CONVERSION = YES;
				GCC_WARN_ABOUT_RETURN_TYPE = YES_ERROR;
				GCC_WARN_UNDECLARED_SELECTOR = YES;
				GCC_WARN_UNINITIALIZED_AUTOS = YES_AGGRESSIVE;
				GCC_WARN_UNUSED_FUNCTION = YES;
				GCC_WARN_UNUSED_VARIABLE = YES;
				IPHONEOS_DEPLOYMENT_TARGET = 16.0;
				MTL_ENABLE_DEBUG_INFO = INCLUDE_SOURCE;
				MTL_FAST_MATH = YES;
				ONLY_ACTIVE_ARCH = YES;
				SDKROOT = iphoneos;
				SWIFT_ACTIVE_COMPILATION_CONDITIONS = DEBUG;
				SWIFT_OPTIMIZATION_LEVEL = "-Onone";
			};
			name = Debug;
		};
		B5062C392A6FE9BC00D1BB0B /* Release */ = {
			isa = XCBuildConfiguration;
			buildSettings = {
				ALWAYS_SEARCH_USER_PATHS = NO;
				CLANG_ANALYZER_NONNULL = YES;
				CLANG_ANALYZER_NUMBER_OBJECT_CONVERSION = YES_AGGRESSIVE;
				CLANG_CXX_LANGUAGE_STANDARD = "gnu++20";
				CLANG_ENABLE_MODULES = YES;
				CLANG_ENABLE_OBJC_ARC = YES;
				CLANG_ENABLE_OBJC_WEAK = YES;
				CLANG_WARN_BLOCK_CAPTURE_AUTORELEASING = YES;
				CLANG_WARN_BOOL_CONVERSION = YES;
				CLANG_WARN_COMMA = YES;
				CLANG_WARN_CONSTANT_CONVERSION = YES;
				CLANG_WARN_DEPRECATED_OBJC_IMPLEMENTATIONS = YES;
				CLANG_WARN_DIRECT_OBJC_ISA_USAGE = YES_ERROR;
				CLANG_WARN_DOCUMENTATION_COMMENTS = YES;
				CLANG_WARN_EMPTY_BODY = YES;
				CLANG_WARN_ENUM_CONVERSION = YES;
				CLANG_WARN_INFINITE_RECURSION = YES;
				CLANG_WARN_INT_CONVERSION = YES;
				CLANG_WARN_NON_LITERAL_NULL_CONVERSION = YES;
				CLANG_WARN_OBJC_IMPLICIT_RETAIN_SELF = YES;
				CLANG_WARN_OBJC_LITERAL_CONVERSION = YES;
				CLANG_WARN_OBJC_ROOT_CLASS = YES_ERROR;
				CLANG_WARN_QUOTED_INCLUDE_IN_FRAMEWORK_HEADER = YES;
				CLANG_WARN_RANGE_LOOP_ANALYSIS = YES;
				CLANG_WARN_STRICT_PROTOTYPES = YES;
				CLANG_WARN_SUSPICIOUS_MOVE = YES;
				CLANG_WARN_UNGUARDED_AVAILABILITY = YES_AGGRESSIVE;
				CLANG_WARN_UNREACHABLE_CODE = YES;
				CLANG_WARN__DUPLICATE_METHOD_MATCH = YES;
				COPY_PHASE_STRIP = NO;
				DEBUG_INFORMATION_FORMAT = "dwarf-with-dsym";
				ENABLE_NS_ASSERTIONS = NO;
				ENABLE_STRICT_OBJC_MSGSEND = YES;
				GCC_C_LANGUAGE_STANDARD = gnu11;
				GCC_NO_COMMON_BLOCKS = YES;
				GCC_WARN_64_TO_32_BIT_CONVERSION = YES;
				GCC_WARN_ABOUT_RETURN_TYPE = YES_ERROR;
				GCC_WARN_UNDECLARED_SELECTOR = YES;
				GCC_WARN_UNINITIALIZED_AUTOS = YES_AGGRESSIVE;
				GCC_WARN_UNUSED_FUNCTION = YES;
				GCC_WARN_UNUSED_VARIABLE = YES;
				IPHONEOS_DEPLOYMENT_TARGET = 16.0;
				MTL_ENABLE_DEBUG_INFO = NO;
				MTL_FAST_MATH = YES;
				SDKROOT = iphoneos;
				SWIFT_COMPILATION_MODE = wholemodule;
				SWIFT_OPTIMIZATION_LEVEL = "-O";
				VALIDATE_PRODUCT = YES;
			};
			name = Release;
		};
		B5062C3B2A6FE9BC00D1BB0B /* Debug */ = {
			isa = XCBuildConfiguration;
			buildSettings = {
				ASSETCATALOG_COMPILER_APPICON_NAME = AppIcon;
				ASSETCATALOG_COMPILER_GLOBAL_ACCENT_COLOR_NAME = AccentColor;
				CODE_SIGN_STYLE = Automatic;
				CURRENT_PROJECT_VERSION = 0;
				DEVELOPMENT_ASSET_PATHS = "\"JustRemember/Preview Content\"";
				DEVELOPMENT_TEAM = QGN945XQUG;
				ENABLE_PREVIEWS = YES;
				GENERATE_INFOPLIST_FILE = YES;
				INFOPLIST_FILE = JustRemember/Info.plist;
				INFOPLIST_KEY_CFBundleDisplayName = JustRemember;
				INFOPLIST_KEY_LSApplicationCategoryType = "public.app-category.education";
				INFOPLIST_KEY_UIApplicationSupportsIndirectInputEvents = YES;
				INFOPLIST_KEY_UILaunchScreen_Generation = YES;
				INFOPLIST_KEY_UISupportedInterfaceOrientations = "UIInterfaceOrientationLandscapeLeft UIInterfaceOrientationLandscapeRight UIInterfaceOrientationPortrait UIInterfaceOrientationPortraitUpsideDown";
				INFOPLIST_KEY_UISupportedInterfaceOrientations_iPad = "UIInterfaceOrientationLandscapeLeft UIInterfaceOrientationLandscapeRight UIInterfaceOrientationPortrait";
				IPHONEOS_DEPLOYMENT_TARGET = 16.0;
				LD_RUNPATH_SEARCH_PATHS = (
					"$(inherited)",
					"@executable_path/Frameworks",
				);
				MARKETING_VERSION = 1.0;
				PRODUCT_BUNDLE_IDENTIFIER = swift.JustRemember;
				PRODUCT_NAME = "$(TARGET_NAME)";
				SWIFT_EMIT_LOC_STRINGS = YES;
				SWIFT_VERSION = 5.0;
				TARGETED_DEVICE_FAMILY = "1,2";
			};
			name = Debug;
		};
		B5062C3C2A6FE9BC00D1BB0B /* Release */ = {
			isa = XCBuildConfiguration;
			buildSettings = {
				ASSETCATALOG_COMPILER_APPICON_NAME = AppIcon;
				ASSETCATALOG_COMPILER_GLOBAL_ACCENT_COLOR_NAME = AccentColor;
				CODE_SIGN_STYLE = Automatic;
				CURRENT_PROJECT_VERSION = 0;
				DEVELOPMENT_ASSET_PATHS = "\"JustRemember/Preview Content\"";
				DEVELOPMENT_TEAM = QGN945XQUG;
				ENABLE_PREVIEWS = YES;
				GENERATE_INFOPLIST_FILE = YES;
				INFOPLIST_FILE = JustRemember/Info.plist;
				INFOPLIST_KEY_CFBundleDisplayName = JustRemember;
				INFOPLIST_KEY_LSApplicationCategoryType = "public.app-category.education";
				INFOPLIST_KEY_UIApplicationSupportsIndirectInputEvents = YES;
				INFOPLIST_KEY_UILaunchScreen_Generation = YES;
				INFOPLIST_KEY_UISupportedInterfaceOrientations = "UIInterfaceOrientationLandscapeLeft UIInterfaceOrientationLandscapeRight UIInterfaceOrientationPortrait UIInterfaceOrientationPortraitUpsideDown";
				INFOPLIST_KEY_UISupportedInterfaceOrientations_iPad = "UIInterfaceOrientationLandscapeLeft UIInterfaceOrientationLandscapeRight UIInterfaceOrientationPortrait";
				IPHONEOS_DEPLOYMENT_TARGET = 16.0;
				LD_RUNPATH_SEARCH_PATHS = (
					"$(inherited)",
					"@executable_path/Frameworks",
				);
				MARKETING_VERSION = 1.0;
				PRODUCT_BUNDLE_IDENTIFIER = swift.JustRemember;
				PRODUCT_NAME = "$(TARGET_NAME)";
				SWIFT_EMIT_LOC_STRINGS = YES;
				SWIFT_VERSION = 5.0;
				TARGETED_DEVICE_FAMILY = "1,2";
			};
			name = Release;
		};
/* End XCBuildConfiguration section */

/* Begin XCConfigurationList section */
		B5062C272A6FE9BB00D1BB0B /* Build configuration list for PBXProject "JustRemember" */ = {
			isa = XCConfigurationList;
			buildConfigurations = (
				B5062C382A6FE9BC00D1BB0B /* Debug */,
				B5062C392A6FE9BC00D1BB0B /* Release */,
			);
			defaultConfigurationIsVisible = 0;
			defaultConfigurationName = Release;
		};
		B5062C3A2A6FE9BC00D1BB0B /* Build configuration list for PBXNativeTarget "JustRemember" */ = {
			isa = XCConfigurationList;
			buildConfigurations = (
				B5062C3B2A6FE9BC00D1BB0B /* Debug */,
				B5062C3C2A6FE9BC00D1BB0B /* Release */,
			);
			defaultConfigurationIsVisible = 0;
			defaultConfigurationName = Release;
		};
/* End XCConfigurationList section */
	};
	rootObject = B5062C242A6FE9BB00D1BB0B /* Project object */;
}
